{
  "name": "webim-uniapp-demo",
  "version": "1.2.0",
  "lockfileVersion": 2,
  "requires": true,
  "packages": {
    "": {
      "name": "webim-uniapp-demo",
      "version": "1.2.0",
      "license": "ISC",
      "dependencies": {
        "easemob-websdk": "latest",
        "grapheme-splitter": "^1.0.4"
      }
    },
    "node_modules/easemob-websdk": {
      "version": "4.4.1",
      "resolved": "https://registry.npmjs.org/easemob-websdk/-/easemob-websdk-4.4.1.tgz",
      "integrity": "sha512-sPWQBiulZ4xrP/Ui7r6PUqUE1NiSvrpTeL4lwIfXPRUMmpIriziIt+vsdkRJf4FO4t4s0z/W2tEILnsUcu8lcQ=="
    },
    "node_modules/grapheme-splitter": {
      "version": "1.0.4",
      "resolved": "https://registry.npmmirror.com/grapheme-splitter/-/grapheme-splitter-1.0.4.tgz",
      "integrity": "sha512-bzh50DW9kTPM00T8y4o8vQg89Di9oLJVLW/KaOGIXJWP/iqCN6WKYkbNOF04vFLJhwcpYUh9ydh/+5vpOqV4YQ=="
    },
    "sdk": {
      "extraneous": true
    }
  },
  "dependencies": {
    "easemob-websdk": {
      "version": "4.4.1",
      "resolved": "https://registry.npmjs.org/easemob-websdk/-/easemob-websdk-4.4.1.tgz",
      "integrity": "sha512-sPWQBiulZ4xrP/Ui7r6PUqUE1NiSvrpTeL4lwIfXPRUMmpIriziIt+vsdkRJf4FO4t4s0z/W2tEILnsUcu8lcQ=="
    },
    "grapheme-splitter": {
      "version": "1.0.4",
      "resolved": "https://registry.npmmirror.com/grapheme-splitter/-/grapheme-splitter-1.0.4.tgz",
      "integrity": "sha512-bzh50DW9kTPM00T8y4o8vQg89Di9oLJVLW/KaOGIXJWP/iqCN6WKYkbNOF04vFLJhwcpYUh9ydh/+5vpOqV4YQ=="
    }
  }
}
