{
  "name": "webim-uniapp-demo",
  "version": "1.2.0",
  "lockfileVersion": 2,
  "requires": true,
  "packages": {
    "": {
      "name": "webim-uniapp-demo",
      "version": "1.2.0",
      "license": "ISC",
      "dependencies": {
        "easemob-websdk": "latest"
      }
    },
    "node_modules/easemob-websdk": {
      "version": "4.4.1",
      "resolved": "https://registry.npmjs.org/easemob-websdk/-/easemob-websdk-4.4.1.tgz",
      "integrity": "sha512-sPWQBiulZ4xrP/Ui7r6PUqUE1NiSvrpTeL4lwIfXPRUMmpIriziIt+vsdkRJf4FO4t4s0z/W2tEILnsUcu8lcQ=="
    },
    "sdk": {
      "extraneous": true
    }
  },
  "dependencies": {
    "easemob-websdk": {
      "version": "4.4.1",
      "resolved": "https://registry.npmjs.org/easemob-websdk/-/easemob-websdk-4.4.1.tgz",
      "integrity": "sha512-sPWQBiulZ4xrP/Ui7r6PUqUE1NiSvrpTeL4lwIfXPRUMmpIriziIt+vsdkRJf4FO4t4s0z/W2tEILnsUcu8lcQ=="
    }
  }
}
