{
  "name": "webim-uniapp-demo",
  "lockfileVersion": 2,
  "requires": true,
  "packages": {
    "": {
      "dependencies": {
        "easemob-websdk": "^4.1.7"
      }
    },
    "node_modules/easemob-websdk": {
      "version": "4.1.7",
      "resolved": "https://registry.npmjs.org/easemob-websdk/-/easemob-websdk-4.1.7.tgz",
      "integrity": "sha512-U71WJ20yxiMMB5pCO1SQkPwpthVBIaXtpIgu42SlAtgaHStorA7xYfnbobe2TL5uoC2ULzNoIz9ooZusePxqhA=="
    }
  },
  "dependencies": {
    "easemob-websdk": {
      "version": "4.1.7",
      "resolved": "https://registry.npmjs.org/easemob-websdk/-/easemob-websdk-4.1.7.tgz",
      "integrity": "sha512-U71WJ20yxiMMB5pCO1SQkPwpthVBIaXtpIgu42SlAtgaHStorA7xYfnbobe2TL5uoC2ULzNoIz9ooZusePxqhA=="
    }
  }
}
