# THIS IS AN AUTOGENERATED FILE. DO NOT EDIT THIS FILE DIRECTLY.
# yarn lockfile v1


easemob-websdk@latest:
  version "4.4.1"
  resolved "https://registry.npmjs.org/easemob-websdk/-/easemob-websdk-4.4.1.tgz"
  integrity sha512-sPWQBiulZ4xrP/Ui7r6PUqUE1NiSvrpTeL4lwIfXPRUMmpIriziIt+vsdkRJf4FO4t4s0z/W2tEILnsUcu8lcQ==
